// !$*UTF8*$!
{
	archiveVersion = 1;
	classes = {
	};
	objectVersion = 50;
	objects = {

/* Begin PBXBuildFile section */
		3538563327C7AC230047D999 /* AppDelegate.swift in Sources */ = {isa = PBXBuildFile; fileRef = 3538563227C7AC230047D999 /* AppDelegate.swift */; };
		3538563527C7AC230047D999 /* SceneDelegate.swift in Sources */ = {isa = PBXBuildFile; fileRef = 3538563427C7AC230047D999 /* SceneDelegate.swift */; };
		3538563D27C7AC230047D999 /* TicTacToe.xcdatamodeld in Sources */ = {isa = PBXBuildFile; fileRef = 3538563B27C7AC230047D999 /* TicTacToe.xcdatamodeld */; };
		3538563F27C7AC280047D999 /* Assets.xcassets in Resources */ = {isa = PBXBuildFile; fileRef = 3538563E27C7AC280047D999 /* Assets.xcassets */; };
		3538564227C7AC280047D999 /* LaunchScreen.storyboard in Resources */ = {isa = PBXBuildFile; fileRef = 3538564027C7AC280047D999 /* LaunchScreen.storyboard */; };
		3538565727C7B7D30047D999 /* Player.swift in Sources */ = {isa = PBXBuildFile; fileRef = 3538565627C7B7D30047D999 /* Player.swift */; };
		3538565C27C7B7E70047D999 /* GameCell.swift in Sources */ = {isa = PBXBuildFile; fileRef = 3538565927C7B7E70047D999 /* GameCell.swift */; };
		3538565D27C7B7E70047D999 /* GameVC.swift in Sources */ = {isa = PBXBuildFile; fileRef = 3538565A27C7B7E70047D999 /* GameVC.swift */; };
		3538565E27C7B7E70047D999 /* ViewBuilder.swift in Sources */ = {isa = PBXBuildFile; fileRef = 3538565B27C7B7E70047D999 /* ViewBuilder.swift */; };
		3538566227C7B7EF0047D999 /* GameVMProtocols.swift in Sources */ = {isa = PBXBuildFile; fileRef = 3538566027C7B7EF0047D999 /* GameVMProtocols.swift */; };
		3538566327C7B7EF0047D999 /* GameVM.swift in Sources */ = {isa = PBXBuildFile; fileRef = 3538566127C7B7EF0047D999 /* GameVM.swift */; };
		3538566527C7B8B70047D999 /* Main.storyboard in Resources */ = {isa = PBXBuildFile; fileRef = 3538566427C7B8B70047D999 /* Main.storyboard */; };
/* End PBXBuildFile section */

/* Begin PBXFileReference section */
		3538562F27C7AC220047D999 /* TicTacToe.app */ = {isa = PBXFileReference; explicitFileType = wrapper.application; includeInIndex = 0; path = TicTacToe.app; sourceTree = BUILT_PRODUCTS_DIR; };
		3538563227C7AC230047D999 /* AppDelegate.swift */ = {isa = PBXFileReference; lastKnownFileType = sourcecode.swift; path = AppDelegate.swift; sourceTree = "<group>"; };
		3538563427C7AC230047D999 /* SceneDelegate.swift */ = {isa = PBXFileReference; lastKnownFileType = sourcecode.swift; path = SceneDelegate.swift; sourceTree = "<group>"; };
		3538563C27C7AC230047D999 /* TicTacToe.xcdatamodel */ = {isa = PBXFileReference; lastKnownFileType = wrapper.xcdatamodel; path = TicTacToe.xcdatamodel; sourceTree = "<group>"; };
		3538563E27C7AC280047D999 /* Assets.xcassets */ = {isa = PBXFileReference; lastKnownFileType = folder.assetcatalog; path = Assets.xcassets; sourceTree = "<group>"; };
		3538564127C7AC280047D999 /* Base */ = {isa = PBXFileReference; lastKnownFileType = file.storyboard; name = Base; path = Base.lproj/LaunchScreen.storyboard; sourceTree = "<group>"; };
		3538564327C7AC280047D999 /* Info.plist */ = {isa = PBXFileReference; lastKnownFileType = text.plist.xml; path = Info.plist; sourceTree = "<group>"; };
		3538565627C7B7D30047D999 /* Player.swift */ = {isa = PBXFileReference; fileEncoding = 4; lastKnownFileType = sourcecode.swift; path = Player.swift; sourceTree = "<group>"; };
		3538565927C7B7E70047D999 /* GameCell.swift */ = {isa = PBXFileReference; fileEncoding = 4; lastKnownFileType = sourcecode.swift; path = GameCell.swift; sourceTree = "<group>"; };
		3538565A27C7B7E70047D999 /* GameVC.swift */ = {isa = PBXFileReference; fileEncoding = 4; lastKnownFileType = sourcecode.swift; path = GameVC.swift; sourceTree = "<group>"; };
		3538565B27C7B7E70047D999 /* ViewBuilder.swift */ = {isa = PBXFileReference; fileEncoding = 4; lastKnownFileType = sourcecode.swift; path = ViewBuilder.swift; sourceTree = "<group>"; };
		3538566027C7B7EF0047D999 /* GameVMProtocols.swift */ = {isa = PBXFileReference; fileEncoding = 4; lastKnownFileType = sourcecode.swift; path = GameVMProtocols.swift; sourceTree = "<group>"; };
		3538566127C7B7EF0047D999 /* GameVM.swift */ = {isa = PBXFileReference; fileEncoding = 4; lastKnownFileType = sourcecode.swift; path = GameVM.swift; sourceTree = "<group>"; };
		3538566427C7B8B70047D999 /* Main.storyboard */ = {isa = PBXFileReference; fileEncoding = 4; lastKnownFileType = file.storyboard; path = Main.storyboard; sourceTree = "<group>"; };
/* End PBXFileReference section */

/* Begin PBXFrameworksBuildPhase section */
		3538562C27C7AC220047D999 /* Frameworks */ = {
			isa = PBXFrameworksBuildPhase;
			buildActionMask = 2147483647;
			files = (
			);
			runOnlyForDeploymentPostprocessing = 0;
		};
/* End PBXFrameworksBuildPhase section */

/* Begin PBXGroup section */
		3538562627C7AC220047D999 = {
			isa = PBXGroup;
			children = (
				3538563127C7AC230047D999 /* TicTacToe */,
				3538563027C7AC220047D999 /* Products */,
			);
			sourceTree = "<group>";
		};
		3538563027C7AC220047D999 /* Products */ = {
			isa = PBXGroup;
			children = (
				3538562F27C7AC220047D999 /* TicTacToe.app */,
			);
			name = Products;
			sourceTree = "<group>";
		};
		3538563127C7AC230047D999 /* TicTacToe */ = {
			isa = PBXGroup;
			children = (
				3538565527C7B7D30047D999 /* Model */,
				3538565827C7B7E70047D999 /* View */,
				3538565F27C7B7EF0047D999 /* ViewModel */,
				3538563227C7AC230047D999 /* AppDelegate.swift */,
				3538566427C7B8B70047D999 /* Main.storyboard */,
				3538563427C7AC230047D999 /* SceneDelegate.swift */,
				3538563E27C7AC280047D999 /* Assets.xcassets */,
				3538564027C7AC280047D999 /* LaunchScreen.storyboard */,
				3538564327C7AC280047D999 /* Info.plist */,
				3538563B27C7AC230047D999 /* TicTacToe.xcdatamodeld */,
			);
			path = TicTacToe;
			sourceTree = "<group>";
		};
		3538565527C7B7D30047D999 /* Model */ = {
			isa = PBXGroup;
			children = (
				3538565627C7B7D30047D999 /* Player.swift */,
			);
			path = Model;
			sourceTree = "<group>";
		};
		3538565827C7B7E70047D999 /* View */ = {
			isa = PBXGroup;
			children = (
				3538565927C7B7E70047D999 /* GameCell.swift */,
				3538565A27C7B7E70047D999 /* GameVC.swift */,
				3538565B27C7B7E70047D999 /* ViewBuilder.swift */,
			);
			path = View;
			sourceTree = "<group>";
		};
		3538565F27C7B7EF0047D999 /* ViewModel */ = {
			isa = PBXGroup;
			children = (
				3538566027C7B7EF0047D999 /* GameVMProtocols.swift */,
				3538566127C7B7EF0047D999 /* GameVM.swift */,
			);
			path = ViewModel;
			sourceTree = "<group>";
		};
/* End PBXGroup section */

/* Begin PBXNativeTarget section */
		3538562E27C7AC220047D999 /* TicTacToe */ = {
			isa = PBXNativeTarget;
			buildConfigurationList = 3538564627C7AC280047D999 /* Build configuration list for PBXNativeTarget "TicTacToe" */;
			buildPhases = (
				3538562B27C7AC220047D999 /* Sources */,
				3538562C27C7AC220047D999 /* Frameworks */,
				3538562D27C7AC220047D999 /* Resources */,
			);
			buildRules = (
			);
			dependencies = (
			);
			name = TicTacToe;
			productName = TicTacToe;
			productReference = 3538562F27C7AC220047D999 /* TicTacToe.app */;
			productType = "com.apple.product-type.application";
		};
/* End PBXNativeTarget section */

/* Begin PBXProject section */
		3538562727C7AC220047D999 /* Project object */ = {
			isa = PBXProject;
			attributes = {
				LastSwiftUpdateCheck = 1250;
				LastUpgradeCheck = 1250;
				TargetAttributes = {
					3538562E27C7AC220047D999 = {
						CreatedOnToolsVersion = 12.5.1;
					};
				};
			};
			buildConfigurationList = 3538562A27C7AC220047D999 /* Build configuration list for PBXProject "TicTacToe" */;
			compatibilityVersion = "Xcode 9.3";
			developmentRegion = en;
			hasScannedForEncodings = 0;
			knownRegions = (
				en,
				Base,
			);
			mainGroup = 3538562627C7AC220047D999;
			productRefGroup = 3538563027C7AC220047D999 /* Products */;
			projectDirPath = "";
			projectRoot = "";
			targets = (
				3538562E27C7AC220047D999 /* TicTacToe */,
			);
		};
/* End PBXProject section */

/* Begin PBXResourcesBuildPhase section */
		3538562D27C7AC220047D999 /* Resources */ = {
			isa = PBXResourcesBuildPhase;
			buildActionMask = 2147483647;
			files = (
				3538566527C7B8B70047D999 /* Main.storyboard in Resources */,
				3538564227C7AC280047D999 /* LaunchScreen.storyboard in Resources */,
				3538563F27C7AC280047D999 /* Assets.xcassets in Resources */,
			);
			runOnlyForDeploymentPostprocessing = 0;
		};
/* End PBXResourcesBuildPhase section */

/* Begin PBXSourcesBuildPhase section */
		3538562B27C7AC220047D999 /* Sources */ = {
			isa = PBXSourcesBuildPhase;
			buildActionMask = 2147483647;
			files = (
				3538565C27C7B7E70047D999 /* GameCell.swift in Sources */,
				3538565727C7B7D30047D999 /* Player.swift in Sources */,
				3538563327C7AC230047D999 /* AppDelegate.swift in Sources */,
				3538563D27C7AC230047D999 /* TicTacToe.xcdatamodeld in Sources */,
				3538565E27C7B7E70047D999 /* ViewBuilder.swift in Sources */,
				3538566227C7B7EF0047D999 /* GameVMProtocols.swift in Sources */,
				3538565D27C7B7E70047D999 /* GameVC.swift in Sources */,
				3538566327C7B7EF0047D999 /* GameVM.swift in Sources */,
				3538563527C7AC230047D999 /* SceneDelegate.swift in Sources */,
			);
			runOnlyForDeploymentPostprocessing = 0;
		};
/* End PBXSourcesBuildPhase section */

/* Begin PBXVariantGroup section */
		3538564027C7AC280047D999 /* LaunchScreen.storyboard */ = {
			isa = PBXVariantGroup;
			children = (
				3538564127C7AC280047D999 /* Base */,
			);
			name = LaunchScreen.storyboard;
			sourceTree = "<group>";
		};
/* End PBXVariantGroup section */

/* Begin XCBuildConfiguration section */
		3538564427C7AC280047D999 /* Debug */ = {
			isa = XCBuildConfiguration;
			buildSettings = {
				ALWAYS_SEARCH_USER_PATHS = NO;
				CLANG_ANALYZER_NONNULL = YES;
				CLANG_ANALYZER_NUMBER_OBJECT_CONVERSION = YES_AGGRESSIVE;
				CLANG_CXX_LANGUAGE_STANDARD = "gnu++14";
				CLANG_CXX_LIBRARY = "libc++";
				CLANG_ENABLE_MODULES = YES;
				CLANG_ENABLE_OBJC_ARC = YES;
				CLANG_ENABLE_OBJC_WEAK = YES;
				CLANG_WARN_BLOCK_CAPTURE_AUTORELEASING = YES;
				CLANG_WARN_BOOL_CONVERSION = YES;
				CLANG_WARN_COMMA = YES;
				CLANG_WARN_CONSTANT_CONVERSION = YES;
				CLANG_WARN_DEPRECATED_OBJC_IMPLEMENTATIONS = YES;
				CLANG_WARN_DIRECT_OBJC_ISA_USAGE = YES_ERROR;
				CLANG_WARN_DOCUMENTATION_COMMENTS = YES;
				CLANG_WARN_EMPTY_BODY = YES;
				CLANG_WARN_ENUM_CONVERSION = YES;
				CLANG_WARN_INFINITE_RECURSION = YES;
				CLANG_WARN_INT_CONVERSION = YES;
				CLANG_WARN_NON_LITERAL_NULL_CONVERSION = YES;
				CLANG_WARN_OBJC_IMPLICIT_RETAIN_SELF = YES;
				CLANG_WARN_OBJC_LITERAL_CONVERSION = YES;
				CLANG_WARN_OBJC_ROOT_CLASS = YES_ERROR;
				CLANG_WARN_QUOTED_INCLUDE_IN_FRAMEWORK_HEADER = YES;
				CLANG_WARN_RANGE_LOOP_ANALYSIS = YES;
				CLANG_WARN_STRICT_PROTOTYPES = YES;
				CLANG_WARN_SUSPICIOUS_MOVE = YES;
				CLANG_WARN_UNGUARDED_AVAILABILITY = YES_AGGRESSIVE;
				CLANG_WARN_UNREACHABLE_CODE = YES;
				CLANG_WARN__DUPLICATE_METHOD_MATCH = YES;
				COPY_PHASE_STRIP = NO;
				DEBUG_INFORMATION_FORMAT = dwarf;
				ENABLE_STRICT_OBJC_MSGSEND = YES;
				ENABLE_TESTABILITY = YES;
				GCC_C_LANGUAGE_STANDARD = gnu11;
				GCC_DYNAMIC_NO_PIC = NO;
				GCC_NO_COMMON_BLOCKS = YES;
				GCC_OPTIMIZATION_LEVEL = 0;
				GCC_PREPROCESSOR_DEFINITIONS = (
					"DEBUG=1",
					"$(inherited)",
				);
				GCC_WARN_64_TO_32_BIT_CONVERSION = YES;
				GCC_WARN_ABOUT_RETURN_TYPE = YES_ERROR;
				GCC_WARN_UNDECLARED_SELECTOR = YES;
				GCC_WARN_UNINITIALIZED_AUTOS = YES_AGGRESSIVE;
				GCC_WARN_UNUSED_FUNCTION = YES;
				GCC_WARN_UNUSED_VARIABLE = YES;
				IPHONEOS_DEPLOYMENT_TARGET = 14.5;
				MTL_ENABLE_DEBUG_INFO = INCLUDE_SOURCE;
				MTL_FAST_MATH = YES;
				ONLY_ACTIVE_ARCH = YES;
				SDKROOT = iphoneos;
				SWIFT_ACTIVE_COMPILATION_CONDITIONS = DEBUG;
				SWIFT_OPTIMIZATION_LEVEL = "-Onone";
			};
			name = Debug;
		};
		3538564527C7AC280047D999 /* Release */ = {
			isa = XCBuildConfiguration;
			buildSettings = {
				ALWAYS_SEARCH_USER_PATHS = NO;
				CLANG_ANALYZER_NONNULL = YES;
				CLANG_ANALYZER_NUMBER_OBJECT_CONVERSION = YES_AGGRESSIVE;
				CLANG_CXX_LANGUAGE_STANDARD = "gnu++14";
				CLANG_CXX_LIBRARY = "libc++";
				CLANG_ENABLE_MODULES = YES;
				CLANG_ENABLE_OBJC_ARC = YES;
				CLANG_ENABLE_OBJC_WEAK = YES;
				CLANG_WARN_BLOCK_CAPTURE_AUTORELEASING = YES;
				CLANG_WARN_BOOL_CONVERSION = YES;
				CLANG_WARN_COMMA = YES;
				CLANG_WARN_CONSTANT_CONVERSION = YES;
				CLANG_WARN_DEPRECATED_OBJC_IMPLEMENTATIONS = YES;
				CLANG_WARN_DIRECT_OBJC_ISA_USAGE = YES_ERROR;
				CLANG_WARN_DOCUMENTATION_COMMENTS = YES;
				CLANG_WARN_EMPTY_BODY = YES;
				CLANG_WARN_ENUM_CONVERSION = YES;
				CLANG_WARN_INFINITE_RECURSION = YES;
				CLANG_WARN_INT_CONVERSION = YES;
				CLANG_WARN_NON_LITERAL_NULL_CONVERSION = YES;
				CLANG_WARN_OBJC_IMPLICIT_RETAIN_SELF = YES;
				CLANG_WARN_OBJC_LITERAL_CONVERSION = YES;
				CLANG_WARN_OBJC_ROOT_CLASS = YES_ERROR;
				CLANG_WARN_QUOTED_INCLUDE_IN_FRAMEWORK_HEADER = YES;
				CLANG_WARN_RANGE_LOOP_ANALYSIS = YES;
				CLANG_WARN_STRICT_PROTOTYPES = YES;
				CLANG_WARN_SUSPICIOUS_MOVE = YES;
				CLANG_WARN_UNGUARDED_AVAILABILITY = YES_AGGRESSIVE;
				CLANG_WARN_UNREACHABLE_CODE = YES;
				CLANG_WARN__DUPLICATE_METHOD_MATCH = YES;
				COPY_PHASE_STRIP = NO;
				DEBUG_INFORMATION_FORMAT = "dwarf-with-dsym";
				ENABLE_NS_ASSERTIONS = NO;
				ENABLE_STRICT_OBJC_MSGSEND = YES;
				GCC_C_LANGUAGE_STANDARD = gnu11;
				GCC_NO_COMMON_BLOCKS = YES;
				GCC_WARN_64_TO_32_BIT_CONVERSION = YES;
				GCC_WARN_ABOUT_RETURN_TYPE = YES_ERROR;
				GCC_WARN_UNDECLARED_SELECTOR = YES;
				GCC_WARN_UNINITIALIZED_AUTOS = YES_AGGRESSIVE;
				GCC_WARN_UNUSED_FUNCTION = YES;
				GCC_WARN_UNUSED_VARIABLE = YES;
				IPHONEOS_DEPLOYMENT_TARGET = 14.5;
				MTL_ENABLE_DEBUG_INFO = NO;
				MTL_FAST_MATH = YES;
				SDKROOT = iphoneos;
				SWIFT_COMPILATION_MODE = wholemodule;
				SWIFT_OPTIMIZATION_LEVEL = "-O";
				VALIDATE_PRODUCT = YES;
			};
			name = Release;
		};
		3538564727C7AC280047D999 /* Debug */ = {
			isa = XCBuildConfiguration;
			buildSettings = {
				ASSETCATALOG_COMPILER_APPICON_NAME = AppIcon;
				ASSETCATALOG_COMPILER_GLOBAL_ACCENT_COLOR_NAME = AccentColor;
				CODE_SIGN_STYLE = Automatic;
				INFOPLIST_FILE = TicTacToe/Info.plist;
				LD_RUNPATH_SEARCH_PATHS = (
					"$(inherited)",
					"@executable_path/Frameworks",
				);
				PRODUCT_BUNDLE_IDENTIFIER = com.gourav.TicTacToe;
				PRODUCT_NAME = "$(TARGET_NAME)";
				SWIFT_VERSION = 5.0;
				TARGETED_DEVICE_FAMILY = "1,2";
			};
			name = Debug;
		};
		3538564827C7AC280047D999 /* Release */ = {
			isa = XCBuildConfiguration;
			buildSettings = {
				ASSETCATALOG_COMPILER_APPICON_NAME = AppIcon;
				ASSETCATALOG_COMPILER_GLOBAL_ACCENT_COLOR_NAME = AccentColor;
				CODE_SIGN_STYLE = Automatic;
				INFOPLIST_FILE = TicTacToe/Info.plist;
				LD_RUNPATH_SEARCH_PATHS = (
					"$(inherited)",
					"@executable_path/Frameworks",
				);
				PRODUCT_BUNDLE_IDENTIFIER = com.gourav.TicTacToe;
				PRODUCT_NAME = "$(TARGET_NAME)";
				SWIFT_VERSION = 5.0;
				TARGETED_DEVICE_FAMILY = "1,2";
			};
			name = Release;
		};
/* End XCBuildConfiguration section */

/* Begin XCConfigurationList section */
		3538562A27C7AC220047D999 /* Build configuration list for PBXProject "TicTacToe" */ = {
			isa = XCConfigurationList;
			buildConfigurations = (
				3538564427C7AC280047D999 /* Debug */,
				3538564527C7AC280047D999 /* Release */,
			);
			defaultConfigurationIsVisible = 0;
			defaultConfigurationName = Release;
		};
		3538564627C7AC280047D999 /* Build configuration list for PBXNativeTarget "TicTacToe" */ = {
			isa = XCConfigurationList;
			buildConfigurations = (
				3538564727C7AC280047D999 /* Debug */,
				3538564827C7AC280047D999 /* Release */,
			);
			defaultConfigurationIsVisible = 0;
			defaultConfigurationName = Release;
		};
/* End XCConfigurationList section */

/* Begin XCVersionGroup section */
		3538563B27C7AC230047D999 /* TicTacToe.xcdatamodeld */ = {
			isa = XCVersionGroup;
			children = (
				3538563C27C7AC230047D999 /* TicTacToe.xcdatamodel */,
			);
			currentVersion = 3538563C27C7AC230047D999 /* TicTacToe.xcdatamodel */;
			path = TicTacToe.xcdatamodeld;
			sourceTree = "<group>";
			versionGroupType = wrapper.xcdatamodel;
		};
/* End XCVersionGroup section */
	};
	rootObject = 3538562727C7AC220047D999 /* Project object */;
}
